
Microsoft Visual Studio Solution File, Format Version 12.00
# Visual Studio Version 16
VisualStudioVersion = 16.0.30413.136
MinimumVisualStudioVersion = 10.0.40219.1
Project("{8BC9CEB8-8B4A-11D0-8D11-00A0C91BC942}") = "OpenSiv3D(0.4.3)1", "OpenSiv3D(0.4.3)1\OpenSiv3D(0.4.3)1.vcxproj", "{EDE90A5A-5538-46F2-8FD8-B5C5CDD9D767}"
EndProject
Global
	GlobalSection(SolutionConfigurationPlatforms) = preSolution
		Debug|x64 = Debug|x64
		Release|x64 = Release|x64
	EndGlobalSection
	GlobalSection(ProjectConfigurationPlatforms) = postSolution
		{EDE90A5A-5538-46F2-8FD8-B5C5CDD9D767}.Debug|x64.ActiveCfg = Debug|x64
		{EDE90A5A-5538-46F2-8FD8-B5C5CDD9D767}.Debug|x64.Build.0 = Debug|x64
		{EDE90A5A-5538-46F2-8FD8-B5C5CDD9D767}.Release|x64.ActiveCfg = Release|x64
		{EDE90A5A-5538-46F2-8FD8-B5C5CDD9D767}.Release|x64.Build.0 = Release|x64
	EndGlobalSection
	GlobalSection(SolutionProperties) = preSolution
		HideSolutionNode = FALSE
	EndGlobalSection
	GlobalSection(ExtensibilityGlobals) = postSolution
		SolutionGuid = {BDA8380A-EB4A-4422-B6EA-E8409C0948E9}
	EndGlobalSection
EndGlobal
